// !$*UTF8*$!
{
	archiveVersion = 1;
	classes = {
	};
	objectVersion = 55;
	objects = {

/* Begin PBXBuildFile section */
		09209E4D28D2634700DD6657 /* BigBurgerApp.swift in Sources */ = {isa = PBXBuildFile; fileRef = 09209E4C28D2634700DD6657 /* BigBurgerApp.swift */; };
		09209E4F28D2634700DD6657 /* ContentView.swift in Sources */ = {isa = PBXBuildFile; fileRef = 09209E4E28D2634700DD6657 /* ContentView.swift */; };
		09209E5128D2634900DD6657 /* Assets.xcassets in Resources */ = {isa = PBXBuildFile; fileRef = 09209E5028D2634900DD6657 /* Assets.xcassets */; };
		09209E5428D2634900DD6657 /* Preview Assets.xcassets in Resources */ = {isa = PBXBuildFile; fileRef = 09209E5328D2634900DD6657 /* Preview Assets.xcassets */; };
		09209E5E28D2634900DD6657 /* BigBurgerTests.swift in Sources */ = {isa = PBXBuildFile; fileRef = 09209E5D28D2634900DD6657 /* BigBurgerTests.swift */; };
		09209E7E28D263FA00DD6657 /* Localizable.strings in Resources */ = {isa = PBXBuildFile; fileRef = 09209E7D28D263FA00DD6657 /* Localizable.strings */; };
		09209E8028D2641400DD6657 /* MainView.swift in Sources */ = {isa = PBXBuildFile; fileRef = 09209E7F28D2641400DD6657 /* MainView.swift */; };
		09209E8228D2642800DD6657 /* ShopingCartViewCell.swift in Sources */ = {isa = PBXBuildFile; fileRef = 09209E8128D2642800DD6657 /* ShopingCartViewCell.swift */; };
		09209E8428D2643500DD6657 /* ToastView.swift in Sources */ = {isa = PBXBuildFile; fileRef = 09209E8328D2643500DD6657 /* ToastView.swift */; };
		09209E8628D2644600DD6657 /* Logger.swift in Sources */ = {isa = PBXBuildFile; fileRef = 09209E8528D2644600DD6657 /* Logger.swift */; };
		09209E8A28D264E500DD6657 /* View+Extension.swift in Sources */ = {isa = PBXBuildFile; fileRef = 09209E8728D264E500DD6657 /* View+Extension.swift */; };
		09209E8B28D264E500DD6657 /* Array+Extension.swift in Sources */ = {isa = PBXBuildFile; fileRef = 09209E8828D264E500DD6657 /* Array+Extension.swift */; };
		09209E8C28D264E500DD6657 /* String+Extension.swift in Sources */ = {isa = PBXBuildFile; fileRef = 09209E8928D264E500DD6657 /* String+Extension.swift */; };
		09209E8E28D266AA00DD6657 /* BurgerEntity.swift in Sources */ = {isa = PBXBuildFile; fileRef = 09209E8D28D266AA00DD6657 /* BurgerEntity.swift */; };
		09209E9028D266C400DD6657 /* JsonDecoder.swift in Sources */ = {isa = PBXBuildFile; fileRef = 09209E8F28D266C400DD6657 /* JsonDecoder.swift */; };
		09209E9228D266E200DD6657 /* mock.json in Resources */ = {isa = PBXBuildFile; fileRef = 09209E9128D266E200DD6657 /* mock.json */; };
		09209E9428D2671400DD6657 /* CatalogHeaderView.swift in Sources */ = {isa = PBXBuildFile; fileRef = 09209E9328D2671400DD6657 /* CatalogHeaderView.swift */; };
		09209E9628D2672400DD6657 /* BurgerListView.swift in Sources */ = {isa = PBXBuildFile; fileRef = 09209E9528D2672400DD6657 /* BurgerListView.swift */; };
		09209E9828D2673200DD6657 /* BurgerCellView.swift in Sources */ = {isa = PBXBuildFile; fileRef = 09209E9728D2673200DD6657 /* BurgerCellView.swift */; };
		09209E9A28D2677000DD6657 /* Service.swift in Sources */ = {isa = PBXBuildFile; fileRef = 09209E9928D2677000DD6657 /* Service.swift */; };
		09209E9C28D2678200DD6657 /* ImageDownloader.swift in Sources */ = {isa = PBXBuildFile; fileRef = 09209E9B28D2678200DD6657 /* ImageDownloader.swift */; };
		09209E9E28D2679500DD6657 /* Controller.swift in Sources */ = {isa = PBXBuildFile; fileRef = 09209E9D28D2679500DD6657 /* Controller.swift */; };
		09209EA028D267E800DD6657 /* SlidingAnimationView.swift in Sources */ = {isa = PBXBuildFile; fileRef = 09209E9F28D267E800DD6657 /* SlidingAnimationView.swift */; };
		09209EA228D269AB00DD6657 /* ShoppingCartView.swift in Sources */ = {isa = PBXBuildFile; fileRef = 09209EA128D269AB00DD6657 /* ShoppingCartView.swift */; };
/* End PBXBuildFile section */

/* Begin PBXContainerItemProxy section */
		09209E5A28D2634900DD6657 /* PBXContainerItemProxy */ = {
			isa = PBXContainerItemProxy;
			containerPortal = 09209E4128D2634700DD6657 /* Project object */;
			proxyType = 1;
			remoteGlobalIDString = 09209E4828D2634700DD6657;
			remoteInfo = BigBurger;
		};
/* End PBXContainerItemProxy section */

/* Begin PBXFileReference section */
		09209E4928D2634700DD6657 /* BigBurger.app */ = {isa = PBXFileReference; explicitFileType = wrapper.application; includeInIndex = 0; path = BigBurger.app; sourceTree = BUILT_PRODUCTS_DIR; };
		09209E4C28D2634700DD6657 /* BigBurgerApp.swift */ = {isa = PBXFileReference; lastKnownFileType = sourcecode.swift; path = BigBurgerApp.swift; sourceTree = "<group>"; };
		09209E4E28D2634700DD6657 /* ContentView.swift */ = {isa = PBXFileReference; lastKnownFileType = sourcecode.swift; path = ContentView.swift; sourceTree = "<group>"; };
		09209E5028D2634900DD6657 /* Assets.xcassets */ = {isa = PBXFileReference; lastKnownFileType = folder.assetcatalog; path = Assets.xcassets; sourceTree = "<group>"; };
		09209E5328D2634900DD6657 /* Preview Assets.xcassets */ = {isa = PBXFileReference; lastKnownFileType = folder.assetcatalog; path = "Preview Assets.xcassets"; sourceTree = "<group>"; };
		09209E5928D2634900DD6657 /* BigBurgerTests.xctest */ = {isa = PBXFileReference; explicitFileType = wrapper.cfbundle; includeInIndex = 0; path = BigBurgerTests.xctest; sourceTree = BUILT_PRODUCTS_DIR; };
		09209E5D28D2634900DD6657 /* BigBurgerTests.swift */ = {isa = PBXFileReference; lastKnownFileType = sourcecode.swift; path = BigBurgerTests.swift; sourceTree = "<group>"; };
		09209E7D28D263FA00DD6657 /* Localizable.strings */ = {isa = PBXFileReference; lastKnownFileType = text.plist.strings; path = Localizable.strings; sourceTree = "<group>"; };
		09209E7F28D2641400DD6657 /* MainView.swift */ = {isa = PBXFileReference; lastKnownFileType = sourcecode.swift; path = MainView.swift; sourceTree = "<group>"; };
		09209E8128D2642800DD6657 /* ShopingCartViewCell.swift */ = {isa = PBXFileReference; lastKnownFileType = sourcecode.swift; path = ShopingCartViewCell.swift; sourceTree = "<group>"; };
		09209E8328D2643500DD6657 /* ToastView.swift */ = {isa = PBXFileReference; lastKnownFileType = sourcecode.swift; path = ToastView.swift; sourceTree = "<group>"; };
		09209E8528D2644600DD6657 /* Logger.swift */ = {isa = PBXFileReference; lastKnownFileType = sourcecode.swift; path = Logger.swift; sourceTree = "<group>"; };
		09209E8728D264E500DD6657 /* View+Extension.swift */ = {isa = PBXFileReference; fileEncoding = 4; lastKnownFileType = sourcecode.swift; path = "View+Extension.swift"; sourceTree = "<group>"; };
		09209E8828D264E500DD6657 /* Array+Extension.swift */ = {isa = PBXFileReference; fileEncoding = 4; lastKnownFileType = sourcecode.swift; path = "Array+Extension.swift"; sourceTree = "<group>"; };
		09209E8928D264E500DD6657 /* String+Extension.swift */ = {isa = PBXFileReference; fileEncoding = 4; lastKnownFileType = sourcecode.swift; path = "String+Extension.swift"; sourceTree = "<group>"; };
		09209E8D28D266AA00DD6657 /* BurgerEntity.swift */ = {isa = PBXFileReference; lastKnownFileType = sourcecode.swift; path = BurgerEntity.swift; sourceTree = "<group>"; };
		09209E8F28D266C400DD6657 /* JsonDecoder.swift */ = {isa = PBXFileReference; lastKnownFileType = sourcecode.swift; path = JsonDecoder.swift; sourceTree = "<group>"; };
		09209E9128D266E200DD6657 /* mock.json */ = {isa = PBXFileReference; lastKnownFileType = text.json; path = mock.json; sourceTree = "<group>"; };
		09209E9328D2671400DD6657 /* CatalogHeaderView.swift */ = {isa = PBXFileReference; lastKnownFileType = sourcecode.swift; path = CatalogHeaderView.swift; sourceTree = "<group>"; };
		09209E9528D2672400DD6657 /* BurgerListView.swift */ = {isa = PBXFileReference; lastKnownFileType = sourcecode.swift; path = BurgerListView.swift; sourceTree = "<group>"; };
		09209E9728D2673200DD6657 /* BurgerCellView.swift */ = {isa = PBXFileReference; lastKnownFileType = sourcecode.swift; path = BurgerCellView.swift; sourceTree = "<group>"; };
		09209E9928D2677000DD6657 /* Service.swift */ = {isa = PBXFileReference; lastKnownFileType = sourcecode.swift; path = Service.swift; sourceTree = "<group>"; };
		09209E9B28D2678200DD6657 /* ImageDownloader.swift */ = {isa = PBXFileReference; lastKnownFileType = sourcecode.swift; path = ImageDownloader.swift; sourceTree = "<group>"; };
		09209E9D28D2679500DD6657 /* Controller.swift */ = {isa = PBXFileReference; lastKnownFileType = sourcecode.swift; path = Controller.swift; sourceTree = "<group>"; };
		09209E9F28D267E800DD6657 /* SlidingAnimationView.swift */ = {isa = PBXFileReference; lastKnownFileType = sourcecode.swift; path = SlidingAnimationView.swift; sourceTree = "<group>"; };
		09209EA128D269AB00DD6657 /* ShoppingCartView.swift */ = {isa = PBXFileReference; lastKnownFileType = sourcecode.swift; path = ShoppingCartView.swift; sourceTree = "<group>"; };
/* End PBXFileReference section */

/* Begin PBXFrameworksBuildPhase section */
		09209E4628D2634700DD6657 /* Frameworks */ = {
			isa = PBXFrameworksBuildPhase;
			buildActionMask = 2147483647;
			files = (
			);
			runOnlyForDeploymentPostprocessing = 0;
		};
		09209E5628D2634900DD6657 /* Frameworks */ = {
			isa = PBXFrameworksBuildPhase;
			buildActionMask = 2147483647;
			files = (
			);
			runOnlyForDeploymentPostprocessing = 0;
		};
/* End PBXFrameworksBuildPhase section */

/* Begin PBXGroup section */
		09209E4028D2634700DD6657 = {
			isa = PBXGroup;
			children = (
				09209E4B28D2634700DD6657 /* BigBurger */,
				09209E5C28D2634900DD6657 /* BigBurgerTests */,
				09209E4A28D2634700DD6657 /* Products */,
			);
			sourceTree = "<group>";
		};
		09209E4A28D2634700DD6657 /* Products */ = {
			isa = PBXGroup;
			children = (
				09209E4928D2634700DD6657 /* BigBurger.app */,
				09209E5928D2634900DD6657 /* BigBurgerTests.xctest */,
			);
			name = Products;
			sourceTree = "<group>";
		};
		09209E4B28D2634700DD6657 /* BigBurger */ = {
			isa = PBXGroup;
			children = (
				09209E7C28D263E200DD6657 /* Extensions */,
				09209E7B28D263DB00DD6657 /* Service */,
				09209E7A28D263D400DD6657 /* Tools */,
				09209E7928D263CE00DD6657 /* Entities */,
				09209E7828D263C500DD6657 /* SubViews */,
				09209E7628D263B000DD6657 /* MainViews */,
				09209E4C28D2634700DD6657 /* BigBurgerApp.swift */,
				09209E5028D2634900DD6657 /* Assets.xcassets */,
				09209E5228D2634900DD6657 /* Preview Content */,
				09209E7D28D263FA00DD6657 /* Localizable.strings */,
			);
			path = BigBurger;
			sourceTree = "<group>";
		};
		09209E5228D2634900DD6657 /* Preview Content */ = {
			isa = PBXGroup;
			children = (
				09209E5328D2634900DD6657 /* Preview Assets.xcassets */,
			);
			path = "Preview Content";
			sourceTree = "<group>";
		};
		09209E5C28D2634900DD6657 /* BigBurgerTests */ = {
			isa = PBXGroup;
			children = (
				09209E5D28D2634900DD6657 /* BigBurgerTests.swift */,
			);
			path = BigBurgerTests;
			sourceTree = "<group>";
		};
		09209E7628D263B000DD6657 /* MainViews */ = {
			isa = PBXGroup;
			children = (
				09209E4E28D2634700DD6657 /* ContentView.swift */,
				09209E7F28D2641400DD6657 /* MainView.swift */,
				09209E8328D2643500DD6657 /* ToastView.swift */,
				09209EA128D269AB00DD6657 /* ShoppingCartView.swift */,
			);
			path = MainViews;
			sourceTree = "<group>";
		};
		09209E7828D263C500DD6657 /* SubViews */ = {
			isa = PBXGroup;
			children = (
				09209E9328D2671400DD6657 /* CatalogHeaderView.swift */,
				09209E9528D2672400DD6657 /* BurgerListView.swift */,
				09209E9728D2673200DD6657 /* BurgerCellView.swift */,
				09209E8128D2642800DD6657 /* ShopingCartViewCell.swift */,
				09209E9F28D267E800DD6657 /* SlidingAnimationView.swift */,
			);
			path = SubViews;
			sourceTree = "<group>";
		};
		09209E7928D263CE00DD6657 /* Entities */ = {
			isa = PBXGroup;
			children = (
				09209E8D28D266AA00DD6657 /* BurgerEntity.swift */,
				09209E8F28D266C400DD6657 /* JsonDecoder.swift */,
				09209E9128D266E200DD6657 /* mock.json */,
			);
			path = Entities;
			sourceTree = "<group>";
		};
		09209E7A28D263D400DD6657 /* Tools */ = {
			isa = PBXGroup;
			children = (
				09209E8528D2644600DD6657 /* Logger.swift */,
			);
			path = Tools;
			sourceTree = "<group>";
		};
		09209E7B28D263DB00DD6657 /* Service */ = {
			isa = PBXGroup;
			children = (
				09209E9928D2677000DD6657 /* Service.swift */,
				09209E9B28D2678200DD6657 /* ImageDownloader.swift */,
				09209E9D28D2679500DD6657 /* Controller.swift */,
			);
			path = Service;
			sourceTree = "<group>";
		};
		09209E7C28D263E200DD6657 /* Extensions */ = {
			isa = PBXGroup;
			children = (
				09209E8828D264E500DD6657 /* Array+Extension.swift */,
				09209E8928D264E500DD6657 /* String+Extension.swift */,
				09209E8728D264E500DD6657 /* View+Extension.swift */,
			);
			path = Extensions;
			sourceTree = "<group>";
		};
/* End PBXGroup section */

/* Begin PBXNativeTarget section */
		09209E4828D2634700DD6657 /* BigBurger */ = {
			isa = PBXNativeTarget;
			buildConfigurationList = 09209E6D28D2634900DD6657 /* Build configuration list for PBXNativeTarget "BigBurger" */;
			buildPhases = (
				09209E4528D2634700DD6657 /* Sources */,
				09209E4628D2634700DD6657 /* Frameworks */,
				09209E4728D2634700DD6657 /* Resources */,
			);
			buildRules = (
			);
			dependencies = (
			);
			name = BigBurger;
			productName = BigBurger;
			productReference = 09209E4928D2634700DD6657 /* BigBurger.app */;
			productType = "com.apple.product-type.application";
		};
		09209E5828D2634900DD6657 /* BigBurgerTests */ = {
			isa = PBXNativeTarget;
			buildConfigurationList = 09209E7028D2634900DD6657 /* Build configuration list for PBXNativeTarget "BigBurgerTests" */;
			buildPhases = (
				09209E5528D2634900DD6657 /* Sources */,
				09209E5628D2634900DD6657 /* Frameworks */,
				09209E5728D2634900DD6657 /* Resources */,
			);
			buildRules = (
			);
			dependencies = (
				09209E5B28D2634900DD6657 /* PBXTargetDependency */,
			);
			name = BigBurgerTests;
			productName = BigBurgerTests;
			productReference = 09209E5928D2634900DD6657 /* BigBurgerTests.xctest */;
			productType = "com.apple.product-type.bundle.unit-test";
		};
/* End PBXNativeTarget section */

/* Begin PBXProject section */
		09209E4128D2634700DD6657 /* Project object */ = {
			isa = PBXProject;
			attributes = {
				BuildIndependentTargetsInParallel = 1;
				LastSwiftUpdateCheck = 1340;
				LastUpgradeCheck = 1340;
				TargetAttributes = {
					09209E4828D2634700DD6657 = {
						CreatedOnToolsVersion = 13.4.1;
					};
					09209E5828D2634900DD6657 = {
						CreatedOnToolsVersion = 13.4.1;
						TestTargetID = 09209E4828D2634700DD6657;
					};
				};
			};
			buildConfigurationList = 09209E4428D2634700DD6657 /* Build configuration list for PBXProject "BigBurger" */;
			compatibilityVersion = "Xcode 13.0";
			developmentRegion = en;
			hasScannedForEncodings = 0;
			knownRegions = (
				en,
				Base,
			);
			mainGroup = 09209E4028D2634700DD6657;
			productRefGroup = 09209E4A28D2634700DD6657 /* Products */;
			projectDirPath = "";
			projectRoot = "";
			targets = (
				09209E4828D2634700DD6657 /* BigBurger */,
				09209E5828D2634900DD6657 /* BigBurgerTests */,
			);
		};
/* End PBXProject section */

/* Begin PBXResourcesBuildPhase section */
		09209E4728D2634700DD6657 /* Resources */ = {
			isa = PBXResourcesBuildPhase;
			buildActionMask = 2147483647;
			files = (
				09209E5428D2634900DD6657 /* Preview Assets.xcassets in Resources */,
				09209E7E28D263FA00DD6657 /* Localizable.strings in Resources */,
				09209E5128D2634900DD6657 /* Assets.xcassets in Resources */,
				09209E9228D266E200DD6657 /* mock.json in Resources */,
			);
			runOnlyForDeploymentPostprocessing = 0;
		};
		09209E5728D2634900DD6657 /* Resources */ = {
			isa = PBXResourcesBuildPhase;
			buildActionMask = 2147483647;
			files = (
			);
			runOnlyForDeploymentPostprocessing = 0;
		};
/* End PBXResourcesBuildPhase section */

/* Begin PBXSourcesBuildPhase section */
		09209E4528D2634700DD6657 /* Sources */ = {
			isa = PBXSourcesBuildPhase;
			buildActionMask = 2147483647;
			files = (
				09209EA028D267E800DD6657 /* SlidingAnimationView.swift in Sources */,
				09209E4F28D2634700DD6657 /* ContentView.swift in Sources */,
				09209E9828D2673200DD6657 /* BurgerCellView.swift in Sources */,
				09209EA228D269AB00DD6657 /* ShoppingCartView.swift in Sources */,
				09209E9C28D2678200DD6657 /* ImageDownloader.swift in Sources */,
				09209E9A28D2677000DD6657 /* Service.swift in Sources */,
				09209E9028D266C400DD6657 /* JsonDecoder.swift in Sources */,
				09209E8C28D264E500DD6657 /* String+Extension.swift in Sources */,
				09209E9E28D2679500DD6657 /* Controller.swift in Sources */,
				09209E8628D2644600DD6657 /* Logger.swift in Sources */,
				09209E9628D2672400DD6657 /* BurgerListView.swift in Sources */,
				09209E8228D2642800DD6657 /* ShopingCartViewCell.swift in Sources */,
				09209E9428D2671400DD6657 /* CatalogHeaderView.swift in Sources */,
				09209E8028D2641400DD6657 /* MainView.swift in Sources */,
				09209E4D28D2634700DD6657 /* BigBurgerApp.swift in Sources */,
				09209E8A28D264E500DD6657 /* View+Extension.swift in Sources */,
				09209E8428D2643500DD6657 /* ToastView.swift in Sources */,
				09209E8B28D264E500DD6657 /* Array+Extension.swift in Sources */,
				09209E8E28D266AA00DD6657 /* BurgerEntity.swift in Sources */,
			);
			runOnlyForDeploymentPostprocessing = 0;
		};
		09209E5528D2634900DD6657 /* Sources */ = {
			isa = PBXSourcesBuildPhase;
			buildActionMask = 2147483647;
			files = (
				09209E5E28D2634900DD6657 /* BigBurgerTests.swift in Sources */,
			);
			runOnlyForDeploymentPostprocessing = 0;
		};
/* End PBXSourcesBuildPhase section */

/* Begin PBXTargetDependency section */
		09209E5B28D2634900DD6657 /* PBXTargetDependency */ = {
			isa = PBXTargetDependency;
			target = 09209E4828D2634700DD6657 /* BigBurger */;
			targetProxy = 09209E5A28D2634900DD6657 /* PBXContainerItemProxy */;
		};
/* End PBXTargetDependency section */

/* Begin XCBuildConfiguration section */
		09209E6B28D2634900DD6657 /* Debug */ = {
			isa = XCBuildConfiguration;
			buildSettings = {
				ALWAYS_SEARCH_USER_PATHS = NO;
				CLANG_ANALYZER_NONNULL = YES;
				CLANG_ANALYZER_NUMBER_OBJECT_CONVERSION = YES_AGGRESSIVE;
				CLANG_CXX_LANGUAGE_STANDARD = "gnu++17";
				CLANG_ENABLE_MODULES = YES;
				CLANG_ENABLE_OBJC_ARC = YES;
				CLANG_ENABLE_OBJC_WEAK = YES;
				CLANG_WARN_BLOCK_CAPTURE_AUTORELEASING = YES;
				CLANG_WARN_BOOL_CONVERSION = YES;
				CLANG_WARN_COMMA = YES;
				CLANG_WARN_CONSTANT_CONVERSION = YES;
				CLANG_WARN_DEPRECATED_OBJC_IMPLEMENTATIONS = YES;
				CLANG_WARN_DIRECT_OBJC_ISA_USAGE = YES_ERROR;
				CLANG_WARN_DOCUMENTATION_COMMENTS = YES;
				CLANG_WARN_EMPTY_BODY = YES;
				CLANG_WARN_ENUM_CONVERSION = YES;
				CLANG_WARN_INFINITE_RECURSION = YES;
				CLANG_WARN_INT_CONVERSION = YES;
				CLANG_WARN_NON_LITERAL_NULL_CONVERSION = YES;
				CLANG_WARN_OBJC_IMPLICIT_RETAIN_SELF = YES;
				CLANG_WARN_OBJC_LITERAL_CONVERSION = YES;
				CLANG_WARN_OBJC_ROOT_CLASS = YES_ERROR;
				CLANG_WARN_QUOTED_INCLUDE_IN_FRAMEWORK_HEADER = YES;
				CLANG_WARN_RANGE_LOOP_ANALYSIS = YES;
				CLANG_WARN_STRICT_PROTOTYPES = YES;
				CLANG_WARN_SUSPICIOUS_MOVE = YES;
				CLANG_WARN_UNGUARDED_AVAILABILITY = YES_AGGRESSIVE;
				CLANG_WARN_UNREACHABLE_CODE = YES;
				CLANG_WARN__DUPLICATE_METHOD_MATCH = YES;
				COPY_PHASE_STRIP = NO;
				DEBUG_INFORMATION_FORMAT = dwarf;
				ENABLE_STRICT_OBJC_MSGSEND = YES;
				ENABLE_TESTABILITY = YES;
				GCC_C_LANGUAGE_STANDARD = gnu11;
				GCC_DYNAMIC_NO_PIC = NO;
				GCC_NO_COMMON_BLOCKS = YES;
				GCC_OPTIMIZATION_LEVEL = 0;
				GCC_PREPROCESSOR_DEFINITIONS = (
					"DEBUG=1",
					"$(inherited)",
				);
				GCC_WARN_64_TO_32_BIT_CONVERSION = YES;
				GCC_WARN_ABOUT_RETURN_TYPE = YES_ERROR;
				GCC_WARN_UNDECLARED_SELECTOR = YES;
				GCC_WARN_UNINITIALIZED_AUTOS = YES_AGGRESSIVE;
				GCC_WARN_UNUSED_FUNCTION = YES;
				GCC_WARN_UNUSED_VARIABLE = YES;
				IPHONEOS_DEPLOYMENT_TARGET = 15.0;
				MTL_ENABLE_DEBUG_INFO = INCLUDE_SOURCE;
				MTL_FAST_MATH = YES;
				ONLY_ACTIVE_ARCH = YES;
				SDKROOT = iphoneos;
				SWIFT_ACTIVE_COMPILATION_CONDITIONS = DEBUG;
				SWIFT_OPTIMIZATION_LEVEL = "-Onone";
			};
			name = Debug;
		};
		09209E6C28D2634900DD6657 /* Release */ = {
			isa = XCBuildConfiguration;
			buildSettings = {
				ALWAYS_SEARCH_USER_PATHS = NO;
				CLANG_ANALYZER_NONNULL = YES;
				CLANG_ANALYZER_NUMBER_OBJECT_CONVERSION = YES_AGGRESSIVE;
				CLANG_CXX_LANGUAGE_STANDARD = "gnu++17";
				CLANG_ENABLE_MODULES = YES;
				CLANG_ENABLE_OBJC_ARC = YES;
				CLANG_ENABLE_OBJC_WEAK = YES;
				CLANG_WARN_BLOCK_CAPTURE_AUTORELEASING = YES;
				CLANG_WARN_BOOL_CONVERSION = YES;
				CLANG_WARN_COMMA = YES;
				CLANG_WARN_CONSTANT_CONVERSION = YES;
				CLANG_WARN_DEPRECATED_OBJC_IMPLEMENTATIONS = YES;
				CLANG_WARN_DIRECT_OBJC_ISA_USAGE = YES_ERROR;
				CLANG_WARN_DOCUMENTATION_COMMENTS = YES;
				CLANG_WARN_EMPTY_BODY = YES;
				CLANG_WARN_ENUM_CONVERSION = YES;
				CLANG_WARN_INFINITE_RECURSION = YES;
				CLANG_WARN_INT_CONVERSION = YES;
				CLANG_WARN_NON_LITERAL_NULL_CONVERSION = YES;
				CLANG_WARN_OBJC_IMPLICIT_RETAIN_SELF = YES;
				CLANG_WARN_OBJC_LITERAL_CONVERSION = YES;
				CLANG_WARN_OBJC_ROOT_CLASS = YES_ERROR;
				CLANG_WARN_QUOTED_INCLUDE_IN_FRAMEWORK_HEADER = YES;
				CLANG_WARN_RANGE_LOOP_ANALYSIS = YES;
				CLANG_WARN_STRICT_PROTOTYPES = YES;
				CLANG_WARN_SUSPICIOUS_MOVE = YES;
				CLANG_WARN_UNGUARDED_AVAILABILITY = YES_AGGRESSIVE;
				CLANG_WARN_UNREACHABLE_CODE = YES;
				CLANG_WARN__DUPLICATE_METHOD_MATCH = YES;
				COPY_PHASE_STRIP = NO;
				DEBUG_INFORMATION_FORMAT = "dwarf-with-dsym";
				ENABLE_NS_ASSERTIONS = NO;
				ENABLE_STRICT_OBJC_MSGSEND = YES;
				GCC_C_LANGUAGE_STANDARD = gnu11;
				GCC_NO_COMMON_BLOCKS = YES;
				GCC_WARN_64_TO_32_BIT_CONVERSION = YES;
				GCC_WARN_ABOUT_RETURN_TYPE = YES_ERROR;
				GCC_WARN_UNDECLARED_SELECTOR = YES;
				GCC_WARN_UNINITIALIZED_AUTOS = YES_AGGRESSIVE;
				GCC_WARN_UNUSED_FUNCTION = YES;
				GCC_WARN_UNUSED_VARIABLE = YES;
				IPHONEOS_DEPLOYMENT_TARGET = 15.0;
				MTL_ENABLE_DEBUG_INFO = NO;
				MTL_FAST_MATH = YES;
				SDKROOT = iphoneos;
				SWIFT_COMPILATION_MODE = wholemodule;
				SWIFT_OPTIMIZATION_LEVEL = "-O";
				VALIDATE_PRODUCT = YES;
			};
			name = Release;
		};
		09209E6E28D2634900DD6657 /* Debug */ = {
			isa = XCBuildConfiguration;
			buildSettings = {
				ASSETCATALOG_COMPILER_APPICON_NAME = AppIcon;
				ASSETCATALOG_COMPILER_GLOBAL_ACCENT_COLOR_NAME = AccentColor;
				CODE_SIGN_STYLE = Automatic;
				CURRENT_PROJECT_VERSION = 1;
				DEVELOPMENT_ASSET_PATHS = "\"BigBurger/Preview Content\"";
				DEVELOPMENT_TEAM = QP9H83DB6M;
				ENABLE_PREVIEWS = YES;
				GENERATE_INFOPLIST_FILE = YES;
				INFOPLIST_KEY_UIApplicationSceneManifest_Generation = YES;
				INFOPLIST_KEY_UIApplicationSupportsIndirectInputEvents = YES;
				INFOPLIST_KEY_UILaunchScreen_Generation = YES;
				INFOPLIST_KEY_UISupportedInterfaceOrientations_iPad = "UIInterfaceOrientationPortrait UIInterfaceOrientationPortraitUpsideDown UIInterfaceOrientationLandscapeLeft UIInterfaceOrientationLandscapeRight";
				INFOPLIST_KEY_UISupportedInterfaceOrientations_iPhone = "UIInterfaceOrientationPortrait UIInterfaceOrientationLandscapeLeft UIInterfaceOrientationLandscapeRight";
				IPHONEOS_DEPLOYMENT_TARGET = 15.0;
				LD_RUNPATH_SEARCH_PATHS = (
					"$(inherited)",
					"@executable_path/Frameworks",
				);
				MARKETING_VERSION = 1.0;
				PRODUCT_BUNDLE_IDENTIFIER = fr.ormaa.BigBurger;
				PRODUCT_NAME = "$(TARGET_NAME)";
				SWIFT_EMIT_LOC_STRINGS = YES;
				SWIFT_VERSION = 5.0;
				TARGETED_DEVICE_FAMILY = "1,2";
			};
			name = Debug;
		};
		09209E6F28D2634900DD6657 /* Release */ = {
			isa = XCBuildConfiguration;
			buildSettings = {
				ASSETCATALOG_COMPILER_APPICON_NAME = AppIcon;
				ASSETCATALOG_COMPILER_GLOBAL_ACCENT_COLOR_NAME = AccentColor;
				CODE_SIGN_STYLE = Automatic;
				CURRENT_PROJECT_VERSION = 1;
				DEVELOPMENT_ASSET_PATHS = "\"BigBurger/Preview Content\"";
				DEVELOPMENT_TEAM = QP9H83DB6M;
				ENABLE_PREVIEWS = YES;
				GENERATE_INFOPLIST_FILE = YES;
				INFOPLIST_KEY_UIApplicationSceneManifest_Generation = YES;
				INFOPLIST_KEY_UIApplicationSupportsIndirectInputEvents = YES;
				INFOPLIST_KEY_UILaunchScreen_Generation = YES;
				INFOPLIST_KEY_UISupportedInterfaceOrientations_iPad = "UIInterfaceOrientationPortrait UIInterfaceOrientationPortraitUpsideDown UIInterfaceOrientationLandscapeLeft UIInterfaceOrientationLandscapeRight";
				INFOPLIST_KEY_UISupportedInterfaceOrientations_iPhone = "UIInterfaceOrientationPortrait UIInterfaceOrientationLandscapeLeft UIInterfaceOrientationLandscapeRight";
				IPHONEOS_DEPLOYMENT_TARGET = 15.0;
				LD_RUNPATH_SEARCH_PATHS = (
					"$(inherited)",
					"@executable_path/Frameworks",
				);
				MARKETING_VERSION = 1.0;
				PRODUCT_BUNDLE_IDENTIFIER = fr.ormaa.BigBurger;
				PRODUCT_NAME = "$(TARGET_NAME)";
				SWIFT_EMIT_LOC_STRINGS = YES;
				SWIFT_VERSION = 5.0;
				TARGETED_DEVICE_FAMILY = "1,2";
			};
			name = Release;
		};
		09209E7128D2634900DD6657 /* Debug */ = {
			isa = XCBuildConfiguration;
			buildSettings = {
				ALWAYS_EMBED_SWIFT_STANDARD_LIBRARIES = YES;
				BUNDLE_LOADER = "$(TEST_HOST)";
				CODE_SIGN_STYLE = Automatic;
				CURRENT_PROJECT_VERSION = 1;
				DEVELOPMENT_TEAM = QP9H83DB6M;
				GENERATE_INFOPLIST_FILE = YES;
				IPHONEOS_DEPLOYMENT_TARGET = 15.5;
				MARKETING_VERSION = 1.0;
				PRODUCT_BUNDLE_IDENTIFIER = fr.ormaa.BigBurgerTests;
				PRODUCT_NAME = "$(TARGET_NAME)";
				SWIFT_EMIT_LOC_STRINGS = NO;
				SWIFT_VERSION = 5.0;
				TARGETED_DEVICE_FAMILY = "1,2";
				TEST_HOST = "$(BUILT_PRODUCTS_DIR)/BigBurger.app/BigBurger";
			};
			name = Debug;
		};
		09209E7228D2634900DD6657 /* Release */ = {
			isa = XCBuildConfiguration;
			buildSettings = {
				ALWAYS_EMBED_SWIFT_STANDARD_LIBRARIES = YES;
				BUNDLE_LOADER = "$(TEST_HOST)";
				CODE_SIGN_STYLE = Automatic;
				CURRENT_PROJECT_VERSION = 1;
				DEVELOPMENT_TEAM = QP9H83DB6M;
				GENERATE_INFOPLIST_FILE = YES;
				IPHONEOS_DEPLOYMENT_TARGET = 15.5;
				MARKETING_VERSION = 1.0;
				PRODUCT_BUNDLE_IDENTIFIER = fr.ormaa.BigBurgerTests;
				PRODUCT_NAME = "$(TARGET_NAME)";
				SWIFT_EMIT_LOC_STRINGS = NO;
				SWIFT_VERSION = 5.0;
				TARGETED_DEVICE_FAMILY = "1,2";
				TEST_HOST = "$(BUILT_PRODUCTS_DIR)/BigBurger.app/BigBurger";
			};
			name = Release;
		};
/* End XCBuildConfiguration section */

/* Begin XCConfigurationList section */
		09209E4428D2634700DD6657 /* Build configuration list for PBXProject "BigBurger" */ = {
			isa = XCConfigurationList;
			buildConfigurations = (
				09209E6B28D2634900DD6657 /* Debug */,
				09209E6C28D2634900DD6657 /* Release */,
			);
			defaultConfigurationIsVisible = 0;
			defaultConfigurationName = Release;
		};
		09209E6D28D2634900DD6657 /* Build configuration list for PBXNativeTarget "BigBurger" */ = {
			isa = XCConfigurationList;
			buildConfigurations = (
				09209E6E28D2634900DD6657 /* Debug */,
				09209E6F28D2634900DD6657 /* Release */,
			);
			defaultConfigurationIsVisible = 0;
			defaultConfigurationName = Release;
		};
		09209E7028D2634900DD6657 /* Build configuration list for PBXNativeTarget "BigBurgerTests" */ = {
			isa = XCConfigurationList;
			buildConfigurations = (
				09209E7128D2634900DD6657 /* Debug */,
				09209E7228D2634900DD6657 /* Release */,
			);
			defaultConfigurationIsVisible = 0;
			defaultConfigurationName = Release;
		};
/* End XCConfigurationList section */
	};
	rootObject = 09209E4128D2634700DD6657 /* Project object */;
}
